// !$*UTF8*$!
{
	archiveVersion = 1;
	classes = {
	};
	objectVersion = 50;
	objects = {

/* Begin PBXBuildFile section */
		6581185D2424B0F000BDCD17 /* AppDelegate.swift in Sources */ = {isa = PBXBuildFile; fileRef = 6581185C2424B0F000BDCD17 /* AppDelegate.swift */; };
		6581185F2424B0F000BDCD17 /* SceneDelegate.swift in Sources */ = {isa = PBXBuildFile; fileRef = 6581185E2424B0F000BDCD17 /* SceneDelegate.swift */; };
		658118642424B0F000BDCD17 /* Main.storyboard in Resources */ = {isa = PBXBuildFile; fileRef = 658118622424B0F000BDCD17 /* Main.storyboard */; };
		658118662424B0F300BDCD17 /* Assets.xcassets in Resources */ = {isa = PBXBuildFile; fileRef = 658118652424B0F300BDCD17 /* Assets.xcassets */; };
		658118692424B0F300BDCD17 /* LaunchScreen.storyboard in Resources */ = {isa = PBXBuildFile; fileRef = 658118672424B0F300BDCD17 /* LaunchScreen.storyboard */; };
		658118712424B30E00BDCD17 /* QuestionViewController.swift in Sources */ = {isa = PBXBuildFile; fileRef = 658118702424B30E00BDCD17 /* QuestionViewController.swift */; };
		658118732424B33B00BDCD17 /* Answer1ViewController.swift in Sources */ = {isa = PBXBuildFile; fileRef = 658118722424B33B00BDCD17 /* Answer1ViewController.swift */; };
/* End PBXBuildFile section */

/* Begin PBXFileReference section */
		658118592424B0F000BDCD17 /* demoInsideTest.app */ = {isa = PBXFileReference; explicitFileType = wrapper.application; includeInIndex = 0; path = demoInsideTest.app; sourceTree = BUILT_PRODUCTS_DIR; };
		6581185C2424B0F000BDCD17 /* AppDelegate.swift */ = {isa = PBXFileReference; lastKnownFileType = sourcecode.swift; path = AppDelegate.swift; sourceTree = "<group>"; };
		6581185E2424B0F000BDCD17 /* SceneDelegate.swift */ = {isa = PBXFileReference; lastKnownFileType = sourcecode.swift; path = SceneDelegate.swift; sourceTree = "<group>"; };
		658118632424B0F000BDCD17 /* Base */ = {isa = PBXFileReference; lastKnownFileType = file.storyboard; name = Base; path = Base.lproj/Main.storyboard; sourceTree = "<group>"; };
		658118652424B0F300BDCD17 /* Assets.xcassets */ = {isa = PBXFileReference; lastKnownFileType = folder.assetcatalog; path = Assets.xcassets; sourceTree = "<group>"; };
		658118682424B0F300BDCD17 /* Base */ = {isa = PBXFileReference; lastKnownFileType = file.storyboard; name = Base; path = Base.lproj/LaunchScreen.storyboard; sourceTree = "<group>"; };
		6581186A2424B0F300BDCD17 /* Info.plist */ = {isa = PBXFileReference; lastKnownFileType = text.plist.xml; path = Info.plist; sourceTree = "<group>"; };
		658118702424B30E00BDCD17 /* QuestionViewController.swift */ = {isa = PBXFileReference; lastKnownFileType = sourcecode.swift; path = QuestionViewController.swift; sourceTree = "<group>"; };
		658118722424B33B00BDCD17 /* Answer1ViewController.swift */ = {isa = PBXFileReference; lastKnownFileType = sourcecode.swift; path = Answer1ViewController.swift; sourceTree = "<group>"; };
/* End PBXFileReference section */

/* Begin PBXFrameworksBuildPhase section */
		658118562424B0F000BDCD17 /* Frameworks */ = {
			isa = PBXFrameworksBuildPhase;
			buildActionMask = 2147483647;
			files = (
			);
			runOnlyForDeploymentPostprocessing = 0;
		};
/* End PBXFrameworksBuildPhase section */

/* Begin PBXGroup section */
		658118502424B0F000BDCD17 = {
			isa = PBXGroup;
			children = (
				6581185B2424B0F000BDCD17 /* demoInsideTest */,
				6581185A2424B0F000BDCD17 /* Products */,
			);
			sourceTree = "<group>";
		};
		6581185A2424B0F000BDCD17 /* Products */ = {
			isa = PBXGroup;
			children = (
				658118592424B0F000BDCD17 /* demoInsideTest.app */,
			);
			name = Products;
			sourceTree = "<group>";
		};
		6581185B2424B0F000BDCD17 /* demoInsideTest */ = {
			isa = PBXGroup;
			children = (
				6581185C2424B0F000BDCD17 /* AppDelegate.swift */,
				6581185E2424B0F000BDCD17 /* SceneDelegate.swift */,
				658118622424B0F000BDCD17 /* Main.storyboard */,
				658118652424B0F300BDCD17 /* Assets.xcassets */,
				658118672424B0F300BDCD17 /* LaunchScreen.storyboard */,
				6581186A2424B0F300BDCD17 /* Info.plist */,
				658118722424B33B00BDCD17 /* Answer1ViewController.swift */,
				658118702424B30E00BDCD17 /* QuestionViewController.swift */,
			);
			path = demoInsideTest;
			sourceTree = "<group>";
		};
/* End PBXGroup section */

/* Begin PBXNativeTarget section */
		658118582424B0F000BDCD17 /* demoInsideTest */ = {
			isa = PBXNativeTarget;
			buildConfigurationList = 6581186D2424B0F300BDCD17 /* Build configuration list for PBXNativeTarget "demoInsideTest" */;
			buildPhases = (
				658118552424B0F000BDCD17 /* Sources */,
				658118562424B0F000BDCD17 /* Frameworks */,
				658118572424B0F000BDCD17 /* Resources */,
			);
			buildRules = (
			);
			dependencies = (
			);
			name = demoInsideTest;
			productName = demoInsideTest;
			productReference = 658118592424B0F000BDCD17 /* demoInsideTest.app */;
			productType = "com.apple.product-type.application";
		};
/* End PBXNativeTarget section */

/* Begin PBXProject section */
		658118512424B0F000BDCD17 /* Project object */ = {
			isa = PBXProject;
			attributes = {
				LastSwiftUpdateCheck = 1140;
				LastUpgradeCheck = 1140;
				ORGANIZATIONNAME = Daniel;
				TargetAttributes = {
					658118582424B0F000BDCD17 = {
						CreatedOnToolsVersion = 11.4;
					};
				};
			};
			buildConfigurationList = 658118542424B0F000BDCD17 /* Build configuration list for PBXProject "demoInsideTest" */;
			compatibilityVersion = "Xcode 9.3";
			developmentRegion = en;
			hasScannedForEncodings = 0;
			knownRegions = (
				en,
				Base,
			);
			mainGroup = 658118502424B0F000BDCD17;
			productRefGroup = 6581185A2424B0F000BDCD17 /* Products */;
			projectDirPath = "";
			projectRoot = "";
			targets = (
				658118582424B0F000BDCD17 /* demoInsideTest */,
			);
		};
/* End PBXProject section */

/* Begin PBXResourcesBuildPhase section */
		658118572424B0F000BDCD17 /* Resources */ = {
			isa = PBXResourcesBuildPhase;
			buildActionMask = 2147483647;
			files = (
				658118692424B0F300BDCD17 /* LaunchScreen.storyboard in Resources */,
				658118662424B0F300BDCD17 /* Assets.xcassets in Resources */,
				658118642424B0F000BDCD17 /* Main.storyboard in Resources */,
			);
			runOnlyForDeploymentPostprocessing = 0;
		};
/* End PBXResourcesBuildPhase section */

/* Begin PBXSourcesBuildPhase section */
		658118552424B0F000BDCD17 /* Sources */ = {
			isa = PBXSourcesBuildPhase;
			buildActionMask = 2147483647;
			files = (
				6581185D2424B0F000BDCD17 /* AppDelegate.swift in Sources */,
				658118712424B30E00BDCD17 /* QuestionViewController.swift in Sources */,
				658118732424B33B00BDCD17 /* Answer1ViewController.swift in Sources */,
				6581185F2424B0F000BDCD17 /* SceneDelegate.swift in Sources */,
			);
			runOnlyForDeploymentPostprocessing = 0;
		};
/* End PBXSourcesBuildPhase section */

/* Begin PBXVariantGroup section */
		658118622424B0F000BDCD17 /* Main.storyboard */ = {
			isa = PBXVariantGroup;
			children = (
				658118632424B0F000BDCD17 /* Base */,
			);
			name = Main.storyboard;
			sourceTree = "<group>";
		};
		658118672424B0F300BDCD17 /* LaunchScreen.storyboard */ = {
			isa = PBXVariantGroup;
			children = (
				658118682424B0F300BDCD17 /* Base */,
			);
			name = LaunchScreen.storyboard;
			sourceTree = "<group>";
		};
/* End PBXVariantGroup section */

/* Begin XCBuildConfiguration section */
		6581186B2424B0F300BDCD17 /* Debug */ = {
			isa = XCBuildConfiguration;
			buildSettings = {
				ALWAYS_SEARCH_USER_PATHS = NO;
				CLANG_ANALYZER_NONNULL = YES;
				CLANG_ANALYZER_NUMBER_OBJECT_CONVERSION = YES_AGGRESSIVE;
				CLANG_CXX_LANGUAGE_STANDARD = "gnu++14";
				CLANG_CXX_LIBRARY = "libc++";
				CLANG_ENABLE_MODULES = YES;
				CLANG_ENABLE_OBJC_ARC = YES;
				CLANG_ENABLE_OBJC_WEAK = YES;
				CLANG_WARN_BLOCK_CAPTURE_AUTORELEASING = YES;
				CLANG_WARN_BOOL_CONVERSION = YES;
				CLANG_WARN_COMMA = YES;
				CLANG_WARN_CONSTANT_CONVERSION = YES;
				CLANG_WARN_DEPRECATED_OBJC_IMPLEMENTATIONS = YES;
				CLANG_WARN_DIRECT_OBJC_ISA_USAGE = YES_ERROR;
				CLANG_WARN_DOCUMENTATION_COMMENTS = YES;
				CLANG_WARN_EMPTY_BODY = YES;
				CLANG_WARN_ENUM_CONVERSION = YES;
				CLANG_WARN_INFINITE_RECURSION = YES;
				CLANG_WARN_INT_CONVERSION = YES;
				CLANG_WARN_NON_LITERAL_NULL_CONVERSION = YES;
				CLANG_WARN_OBJC_IMPLICIT_RETAIN_SELF = YES;
				CLANG_WARN_OBJC_LITERAL_CONVERSION = YES;
				CLANG_WARN_OBJC_ROOT_CLASS = YES_ERROR;
				CLANG_WARN_RANGE_LOOP_ANALYSIS = YES;
				CLANG_WARN_STRICT_PROTOTYPES = YES;
				CLANG_WARN_SUSPICIOUS_MOVE = YES;
				CLANG_WARN_UNGUARDED_AVAILABILITY = YES_AGGRESSIVE;
				CLANG_WARN_UNREACHABLE_CODE = YES;
				CLANG_WARN__DUPLICATE_METHOD_MATCH = YES;
				COPY_PHASE_STRIP = NO;
				DEBUG_INFORMATION_FORMAT = dwarf;
				ENABLE_STRICT_OBJC_MSGSEND = YES;
				ENABLE_TESTABILITY = YES;
				GCC_C_LANGUAGE_STANDARD = gnu11;
				GCC_DYNAMIC_NO_PIC = NO;
				GCC_NO_COMMON_BLOCKS = YES;
				GCC_OPTIMIZATION_LEVEL = 0;
				GCC_PREPROCESSOR_DEFINITIONS = (
					"DEBUG=1",
					"$(inherited)",
				);
				GCC_WARN_64_TO_32_BIT_CONVERSION = YES;
				GCC_WARN_ABOUT_RETURN_TYPE = YES_ERROR;
				GCC_WARN_UNDECLARED_SELECTOR = YES;
				GCC_WARN_UNINITIALIZED_AUTOS = YES_AGGRESSIVE;
				GCC_WARN_UNUSED_FUNCTION = YES;
				GCC_WARN_UNUSED_VARIABLE = YES;
				IPHONEOS_DEPLOYMENT_TARGET = 13.4;
				MTL_ENABLE_DEBUG_INFO = INCLUDE_SOURCE;
				MTL_FAST_MATH = YES;
				ONLY_ACTIVE_ARCH = YES;
				SDKROOT = iphoneos;
				SWIFT_ACTIVE_COMPILATION_CONDITIONS = DEBUG;
				SWIFT_OPTIMIZATION_LEVEL = "-Onone";
			};
			name = Debug;
		};
		6581186C2424B0F300BDCD17 /* Release */ = {
			isa = XCBuildConfiguration;
			buildSettings = {
				ALWAYS_SEARCH_USER_PATHS = NO;
				CLANG_ANALYZER_NONNULL = YES;
				CLANG_ANALYZER_NUMBER_OBJECT_CONVERSION = YES_AGGRESSIVE;
				CLANG_CXX_LANGUAGE_STANDARD = "gnu++14";
				CLANG_CXX_LIBRARY = "libc++";
				CLANG_ENABLE_MODULES = YES;
				CLANG_ENABLE_OBJC_ARC = YES;
				CLANG_ENABLE_OBJC_WEAK = YES;
				CLANG_WARN_BLOCK_CAPTURE_AUTORELEASING = YES;
				CLANG_WARN_BOOL_CONVERSION = YES;
				CLANG_WARN_COMMA = YES;
				CLANG_WARN_CONSTANT_CONVERSION = YES;
				CLANG_WARN_DEPRECATED_OBJC_IMPLEMENTATIONS = YES;
				CLANG_WARN_DIRECT_OBJC_ISA_USAGE = YES_ERROR;
				CLANG_WARN_DOCUMENTATION_COMMENTS = YES;
				CLANG_WARN_EMPTY_BODY = YES;
				CLANG_WARN_ENUM_CONVERSION = YES;
				CLANG_WARN_INFINITE_RECURSION = YES;
				CLANG_WARN_INT_CONVERSION = YES;
				CLANG_WARN_NON_LITERAL_NULL_CONVERSION = YES;
				CLANG_WARN_OBJC_IMPLICIT_RETAIN_SELF = YES;
				CLANG_WARN_OBJC_LITERAL_CONVERSION = YES;
				CLANG_WARN_OBJC_ROOT_CLASS = YES_ERROR;
				CLANG_WARN_RANGE_LOOP_ANALYSIS = YES;
				CLANG_WARN_STRICT_PROTOTYPES = YES;
				CLANG_WARN_SUSPICIOUS_MOVE = YES;
				CLANG_WARN_UNGUARDED_AVAILABILITY = YES_AGGRESSIVE;
				CLANG_WARN_UNREACHABLE_CODE = YES;
				CLANG_WARN__DUPLICATE_METHOD_MATCH = YES;
				COPY_PHASE_STRIP = NO;
				DEBUG_INFORMATION_FORMAT = "dwarf-with-dsym";
				ENABLE_NS_ASSERTIONS = NO;
				ENABLE_STRICT_OBJC_MSGSEND = YES;
				GCC_C_LANGUAGE_STANDARD = gnu11;
				GCC_NO_COMMON_BLOCKS = YES;
				GCC_WARN_64_TO_32_BIT_CONVERSION = YES;
				GCC_WARN_ABOUT_RETURN_TYPE = YES_ERROR;
				GCC_WARN_UNDECLARED_SELECTOR = YES;
				GCC_WARN_UNINITIALIZED_AUTOS = YES_AGGRESSIVE;
				GCC_WARN_UNUSED_FUNCTION = YES;
				GCC_WARN_UNUSED_VARIABLE = YES;
				IPHONEOS_DEPLOYMENT_TARGET = 13.4;
				MTL_ENABLE_DEBUG_INFO = NO;
				MTL_FAST_MATH = YES;
				SDKROOT = iphoneos;
				SWIFT_COMPILATION_MODE = wholemodule;
				SWIFT_OPTIMIZATION_LEVEL = "-O";
				VALIDATE_PRODUCT = YES;
			};
			name = Release;
		};
		6581186E2424B0F300BDCD17 /* Debug */ = {
			isa = XCBuildConfiguration;
			buildSettings = {
				ASSETCATALOG_COMPILER_APPICON_NAME = AppIcon;
				CODE_SIGN_STYLE = Automatic;
				INFOPLIST_FILE = demoInsideTest/Info.plist;
				LD_RUNPATH_SEARCH_PATHS = (
					"$(inherited)",
					"@executable_path/Frameworks",
				);
				PRODUCT_BUNDLE_IDENTIFIER = babipapi.com.demoInsideTest;
				PRODUCT_NAME = "$(TARGET_NAME)";
				SWIFT_VERSION = 5.0;
				TARGETED_DEVICE_FAMILY = "1,2";
			};
			name = Debug;
		};
		6581186F2424B0F300BDCD17 /* Release */ = {
			isa = XCBuildConfiguration;
			buildSettings = {
				ASSETCATALOG_COMPILER_APPICON_NAME = AppIcon;
				CODE_SIGN_STYLE = Automatic;
				INFOPLIST_FILE = demoInsideTest/Info.plist;
				LD_RUNPATH_SEARCH_PATHS = (
					"$(inherited)",
					"@executable_path/Frameworks",
				);
				PRODUCT_BUNDLE_IDENTIFIER = babipapi.com.demoInsideTest;
				PRODUCT_NAME = "$(TARGET_NAME)";
				SWIFT_VERSION = 5.0;
				TARGETED_DEVICE_FAMILY = "1,2";
			};
			name = Release;
		};
/* End XCBuildConfiguration section */

/* Begin XCConfigurationList section */
		658118542424B0F000BDCD17 /* Build configuration list for PBXProject "demoInsideTest" */ = {
			isa = XCConfigurationList;
			buildConfigurations = (
				6581186B2424B0F300BDCD17 /* Debug */,
				6581186C2424B0F300BDCD17 /* Release */,
			);
			defaultConfigurationIsVisible = 0;
			defaultConfigurationName = Release;
		};
		6581186D2424B0F300BDCD17 /* Build configuration list for PBXNativeTarget "demoInsideTest" */ = {
			isa = XCConfigurationList;
			buildConfigurations = (
				6581186E2424B0F300BDCD17 /* Debug */,
				6581186F2424B0F300BDCD17 /* Release */,
			);
			defaultConfigurationIsVisible = 0;
			defaultConfigurationName = Release;
		};
/* End XCConfigurationList section */
	};
	rootObject = 658118512424B0F000BDCD17 /* Project object */;
}
